
Microsoft Visual Studio Solution File, Format Version 12.00
# Visual Studio Version 17
VisualStudioVersion = 17.7.34202.233
MinimumVisualStudioVersion = 10.0.40219.1
Project("{8BC9CEB8-8B4A-11D0-8D11-00A0C91BC942}") = "Wrkshop1", "Wrkshop1.vcxproj", "{7BF54691-4B8D-4080-92A4-977E8576E10B}"
EndProject
Global
	GlobalSection(SolutionConfigurationPlatforms) = preSolution
		Debug|x64 = Debug|x64
		Debug|x86 = Debug|x86
		Release|x64 = Release|x64
		Release|x86 = Release|x86
	EndGlobalSection
	GlobalSection(ProjectConfigurationPlatforms) = postSolution
		{7BF54691-4B8D-4080-92A4-977E8576E10B}.Debug|x64.ActiveCfg = Debug|x64
		{7BF54691-4B8D-4080-92A4-977E8576E10B}.Debug|x64.Build.0 = Debug|x64
		{7BF54691-4B8D-4080-92A4-977E8576E10B}.Debug|x86.ActiveCfg = Debug|Win32
		{7BF54691-4B8D-4080-92A4-977E8576E10B}.Debug|x86.Build.0 = Debug|Win32
		{7BF54691-4B8D-4080-92A4-977E8576E10B}.Release|x64.ActiveCfg = Release|x64
		{7BF54691-4B8D-4080-92A4-977E8576E10B}.Release|x64.Build.0 = Release|x64
		{7BF54691-4B8D-4080-92A4-977E8576E10B}.Release|x86.ActiveCfg = Release|Win32
		{7BF54691-4B8D-4080-92A4-977E8576E10B}.Release|x86.Build.0 = Release|Win32
	EndGlobalSection
	GlobalSection(SolutionProperties) = preSolution
		HideSolutionNode = FALSE
	EndGlobalSection
	GlobalSection(ExtensibilityGlobals) = postSolution
		SolutionGuid = {EE86405A-4E82-43FD-ADBB-FC33EE5C559C}
	EndGlobalSection
EndGlobal
